
Microsoft Visual Studio Solution File, Format Version 12.00
# Visual Studio Version 17
VisualStudioVersion = 17.14.36414.22 d17.14
MinimumVisualStudioVersion = 10.0.40219.1
Project("{FAE04EC0-301F-11D3-BF4B-00C04F79EFBC}") = "CalculatorApi", "Calculator\CalculatorApi.csproj", "{69712D5C-92EB-46E2-A93F-1D1FF2C57B89}"
EndProject
Global
	GlobalSection(SolutionConfigurationPlatforms) = preSolution
		Debug|Any CPU = Debug|Any CPU
		Release|Any CPU = Release|Any CPU
	EndGlobalSection
	GlobalSection(ProjectConfigurationPlatforms) = postSolution
		{69712D5C-92EB-46E2-A93F-1D1FF2C57B89}.Debug|Any CPU.ActiveCfg = Debug|Any CPU
		{69712D5C-92EB-46E2-A93F-1D1FF2C57B89}.Debug|Any CPU.Build.0 = Debug|Any CPU
		{69712D5C-92EB-46E2-A93F-1D1FF2C57B89}.Release|Any CPU.ActiveCfg = Release|Any CPU
		{69712D5C-92EB-46E2-A93F-1D1FF2C57B89}.Release|Any CPU.Build.0 = Release|Any CPU
	EndGlobalSection
	GlobalSection(SolutionProperties) = preSolution
		HideSolutionNode = FALSE
	EndGlobalSection
	GlobalSection(ExtensibilityGlobals) = postSolution
		SolutionGuid = {178569BD-043B-4113-9D78-5F596808DB6B}
	EndGlobalSection
EndGlobal
